
Microsoft Visual Studio Solution File, Format Version 12.00
# Visual Studio 15
VisualStudioVersion = 15.0.28307.421
MinimumVisualStudioVersion = 10.0.40219.1
Project("{FAE04EC0-301F-11D3-BF4B-00C04F79EFBC}") = "FormaGeometrica", "FormaGeometrica\FormaGeometrica.csproj", "{FEB0AF59-93EC-4756-8EC4-66B9429B1D34}"
EndProject
Project("{FAE04EC0-301F-11D3-BF4B-00C04F79EFBC}") = "Quadrilatero", "Quadrilatero\Quadrilatero.csproj", "{AFAF4D0B-78EB-4329-A663-2E9B16AA3800}"
EndProject
Project("{FAE04EC0-301F-11D3-BF4B-00C04F79EFBC}") = "Rettangolo", "Rettangolo\Rettangolo.csproj", "{BD89DF1E-4BBF-415B-A44F-1EEE359FCC00}"
EndProject
Project("{FAE04EC0-301F-11D3-BF4B-00C04F79EFBC}") = "Rombo", "Rombo\Rombo.csproj", "{E7F9C30C-B448-4113-A860-A269A0249A7F}"
EndProject
Project("{FAE04EC0-301F-11D3-BF4B-00C04F79EFBC}") = "Triangolo", "Triangolo\Triangolo.csproj", "{D66769C4-F8D0-462A-A3E0-1B2916059608}"
EndProject
Global
	GlobalSection(SolutionConfigurationPlatforms) = preSolution
		Debug|Any CPU = Debug|Any CPU
		Release|Any CPU = Release|Any CPU
	EndGlobalSection
	GlobalSection(ProjectConfigurationPlatforms) = postSolution
		{FEB0AF59-93EC-4756-8EC4-66B9429B1D34}.Debug|Any CPU.ActiveCfg = Debug|Any CPU
		{FEB0AF59-93EC-4756-8EC4-66B9429B1D34}.Debug|Any CPU.Build.0 = Debug|Any CPU
		{FEB0AF59-93EC-4756-8EC4-66B9429B1D34}.Release|Any CPU.ActiveCfg = Release|Any CPU
		{FEB0AF59-93EC-4756-8EC4-66B9429B1D34}.Release|Any CPU.Build.0 = Release|Any CPU
		{AFAF4D0B-78EB-4329-A663-2E9B16AA3800}.Debug|Any CPU.ActiveCfg = Debug|Any CPU
		{AFAF4D0B-78EB-4329-A663-2E9B16AA3800}.Debug|Any CPU.Build.0 = Debug|Any CPU
		{AFAF4D0B-78EB-4329-A663-2E9B16AA3800}.Release|Any CPU.ActiveCfg = Release|Any CPU
		{AFAF4D0B-78EB-4329-A663-2E9B16AA3800}.Release|Any CPU.Build.0 = Release|Any CPU
		{BD89DF1E-4BBF-415B-A44F-1EEE359FCC00}.Debug|Any CPU.ActiveCfg = Debug|Any CPU
		{BD89DF1E-4BBF-415B-A44F-1EEE359FCC00}.Debug|Any CPU.Build.0 = Debug|Any CPU
		{BD89DF1E-4BBF-415B-A44F-1EEE359FCC00}.Release|Any CPU.ActiveCfg = Release|Any CPU
		{BD89DF1E-4BBF-415B-A44F-1EEE359FCC00}.Release|Any CPU.Build.0 = Release|Any CPU
		{E7F9C30C-B448-4113-A860-A269A0249A7F}.Debug|Any CPU.ActiveCfg = Debug|Any CPU
		{E7F9C30C-B448-4113-A860-A269A0249A7F}.Debug|Any CPU.Build.0 = Debug|Any CPU
		{E7F9C30C-B448-4113-A860-A269A0249A7F}.Release|Any CPU.ActiveCfg = Release|Any CPU
		{E7F9C30C-B448-4113-A860-A269A0249A7F}.Release|Any CPU.Build.0 = Release|Any CPU
		{D66769C4-F8D0-462A-A3E0-1B2916059608}.Debug|Any CPU.ActiveCfg = Debug|Any CPU
		{D66769C4-F8D0-462A-A3E0-1B2916059608}.Debug|Any CPU.Build.0 = Debug|Any CPU
		{D66769C4-F8D0-462A-A3E0-1B2916059608}.Release|Any CPU.ActiveCfg = Release|Any CPU
		{D66769C4-F8D0-462A-A3E0-1B2916059608}.Release|Any CPU.Build.0 = Release|Any CPU
	EndGlobalSection
	GlobalSection(SolutionProperties) = preSolution
		HideSolutionNode = FALSE
	EndGlobalSection
	GlobalSection(ExtensibilityGlobals) = postSolution
		SolutionGuid = {DB17267C-D8F7-4D8D-B336-5BF08EC54253}
	EndGlobalSection
EndGlobal
